
Microsoft Visual Studio Solution File, Format Version 12.00
# Visual Studio Version 17
VisualStudioVersion = 17.14.36221.1 d17.14
MinimumVisualStudioVersion = 10.0.40219.1
Project("{FAE04EC0-301F-11D3-BF4B-00C04F79EFBC}") = "MauiGameLibrary", "MauiGameLibrary\MauiGameLibrary.csproj", "{EC4CA57F-F0D3-48DA-A171-923598B8C3DE}"
EndProject
Global
	GlobalSection(SolutionConfigurationPlatforms) = preSolution
		Debug|Any CPU = Debug|Any CPU
		Release|Any CPU = Release|Any CPU
	EndGlobalSection
	GlobalSection(ProjectConfigurationPlatforms) = postSolution
		{EC4CA57F-F0D3-48DA-A171-923598B8C3DE}.Debug|Any CPU.ActiveCfg = Debug|Any CPU
		{EC4CA57F-F0D3-48DA-A171-923598B8C3DE}.Debug|Any CPU.Build.0 = Debug|Any CPU
		{EC4CA57F-F0D3-48DA-A171-923598B8C3DE}.Release|Any CPU.ActiveCfg = Release|Any CPU
		{EC4CA57F-F0D3-48DA-A171-923598B8C3DE}.Release|Any CPU.Build.0 = Release|Any CPU
	EndGlobalSection
	GlobalSection(SolutionProperties) = preSolution
		HideSolutionNode = FALSE
	EndGlobalSection
	GlobalSection(ExtensibilityGlobals) = postSolution
		SolutionGuid = {1CA12C6D-CB13-40CE-86A9-A81273014462}
	EndGlobalSection
EndGlobal
